
Microsoft Visual Studio Solution File, Format Version 12.00
# Visual Studio Version 17
VisualStudioVersion = 17.0.31903.59
MinimumVisualStudioVersion = 10.0.40219.1
Project("{2150E333-8FDC-42A3-9474-1A3956D46DE8}") = "src", "src", "{827E0CD3-B72D-47B6-A68D-7590B98EB39B}"
EndProject
Project("{FAE04EC0-301F-11D3-BF4B-00C04F79EFBC}") = "PropertyOS.Domain", "src\PropertyOS.Domain\PropertyOS.Domain.csproj", "{10000BBF-511F-45B5-B777-D9132DB31541}"
EndProject
Project("{FAE04EC0-301F-11D3-BF4B-00C04F79EFBC}") = "PropertyOS.Application", "src\PropertyOS.Application\PropertyOS.Application.csproj", "{229D85DA-4C5A-4A48-90CA-07FEC14BAF2D}"
EndProject
Project("{FAE04EC0-301F-11D3-BF4B-00C04F79EFBC}") = "PropertyOS.Infrastructure", "src\PropertyOS.Infrastructure\PropertyOS.Infrastructure.csproj", "{7A1314B6-4D0A-4812-A92E-D15909114F40}"
EndProject
Project("{FAE04EC0-301F-11D3-BF4B-00C04F79EFBC}") = "PropertyOS.Api", "src\PropertyOS.Api\PropertyOS.Api.csproj", "{8243A374-8811-4342-9F40-E369E51D4F3B}"
EndProject
Project("{2150E333-8FDC-42A3-9474-1A3956D46DE8}") = "tests", "tests", "{0AB3BF05-4346-4AA6-1389-037BE0695223}"
EndProject
Project("{FAE04EC0-301F-11D3-BF4B-00C04F79EFBC}") = "PropertyOS.Tests.Unit", "tests\PropertyOS.Tests.Unit\PropertyOS.Tests.Unit.csproj", "{D12F2263-ACDE-4E48-BECB-B9BF1F295D16}"
EndProject
Project("{FAE04EC0-301F-11D3-BF4B-00C04F79EFBC}") = "PropertyOS.Tests.Integration", "tests\PropertyOS.Tests.Integration\PropertyOS.Tests.Integration.csproj", "{347902E4-751C-4C0A-A906-72B4A60FB9A6}"
EndProject
Global
	GlobalSection(SolutionConfigurationPlatforms) = preSolution
		Debug|Any CPU = Debug|Any CPU
		Debug|x64 = Debug|x64
		Debug|x86 = Debug|x86
		Release|Any CPU = Release|Any CPU
		Release|x64 = Release|x64
		Release|x86 = Release|x86
	EndGlobalSection
	GlobalSection(ProjectConfigurationPlatforms) = postSolution
		{10000BBF-511F-45B5-B777-D9132DB31541}.Debug|Any CPU.ActiveCfg = Debug|Any CPU
		{10000BBF-511F-45B5-B777-D9132DB31541}.Debug|Any CPU.Build.0 = Debug|Any CPU
		{10000BBF-511F-45B5-B777-D9132DB31541}.Debug|x64.ActiveCfg = Debug|Any CPU
		{10000BBF-511F-45B5-B777-D9132DB31541}.Debug|x64.Build.0 = Debug|Any CPU
		{10000BBF-511F-45B5-B777-D9132DB31541}.Debug|x86.ActiveCfg = Debug|Any CPU
		{10000BBF-511F-45B5-B777-D9132DB31541}.Debug|x86.Build.0 = Debug|Any CPU
		{10000BBF-511F-45B5-B777-D9132DB31541}.Release|Any CPU.ActiveCfg = Release|Any CPU
		{10000BBF-511F-45B5-B777-D9132DB31541}.Release|Any CPU.Build.0 = Release|Any CPU
		{10000BBF-511F-45B5-B777-D9132DB31541}.Release|x64.ActiveCfg = Release|Any CPU
		{10000BBF-511F-45B5-B777-D9132DB31541}.Release|x64.Build.0 = Release|Any CPU
		{10000BBF-511F-45B5-B777-D9132DB31541}.Release|x86.ActiveCfg = Release|Any CPU
		{10000BBF-511F-45B5-B777-D9132DB31541}.Release|x86.Build.0 = Release|Any CPU
		{229D85DA-4C5A-4A48-90CA-07FEC14BAF2D}.Debug|Any CPU.ActiveCfg = Debug|Any CPU
		{229D85DA-4C5A-4A48-90CA-07FEC14BAF2D}.Debug|Any CPU.Build.0 = Debug|Any CPU
		{229D85DA-4C5A-4A48-90CA-07FEC14BAF2D}.Debug|x64.ActiveCfg = Debug|Any CPU
		{229D85DA-4C5A-4A48-90CA-07FEC14BAF2D}.Debug|x64.Build.0 = Debug|Any CPU
		{229D85DA-4C5A-4A48-90CA-07FEC14BAF2D}.Debug|x86.ActiveCfg = Debug|Any CPU
		{229D85DA-4C5A-4A48-90CA-07FEC14BAF2D}.Debug|x86.Build.0 = Debug|Any CPU
		{229D85DA-4C5A-4A48-90CA-07FEC14BAF2D}.Release|Any CPU.ActiveCfg = Release|Any CPU
		{229D85DA-4C5A-4A48-90CA-07FEC14BAF2D}.Release|Any CPU.Build.0 = Release|Any CPU
		{229D85DA-4C5A-4A48-90CA-07FEC14BAF2D}.Release|x64.ActiveCfg = Release|Any CPU
		{229D85DA-4C5A-4A48-90CA-07FEC14BAF2D}.Release|x64.Build.0 = Release|Any CPU
		{229D85DA-4C5A-4A48-90CA-07FEC14BAF2D}.Release|x86.ActiveCfg = Release|Any CPU
		{229D85DA-4C5A-4A48-90CA-07FEC14BAF2D}.Release|x86.Build.0 = Release|Any CPU
		{7A1314B6-4D0A-4812-A92E-D15909114F40}.Debug|Any CPU.ActiveCfg = Debug|Any CPU
		{7A1314B6-4D0A-4812-A92E-D15909114F40}.Debug|Any CPU.Build.0 = Debug|Any CPU
		{7A1314B6-4D0A-4812-A92E-D15909114F40}.Debug|x64.ActiveCfg = Debug|Any CPU
		{7A1314B6-4D0A-4812-A92E-D15909114F40}.Debug|x64.Build.0 = Debug|Any CPU
		{7A1314B6-4D0A-4812-A92E-D15909114F40}.Debug|x86.ActiveCfg = Debug|Any CPU
		{7A1314B6-4D0A-4812-A92E-D15909114F40}.Debug|x86.Build.0 = Debug|Any CPU
		{7A1314B6-4D0A-4812-A92E-D15909114F40}.Release|Any CPU.ActiveCfg = Release|Any CPU
		{7A1314B6-4D0A-4812-A92E-D15909114F40}.Release|Any CPU.Build.0 = Release|Any CPU
		{7A1314B6-4D0A-4812-A92E-D15909114F40}.Release|x64.ActiveCfg = Release|Any CPU
		{7A1314B6-4D0A-4812-A92E-D15909114F40}.Release|x64.Build.0 = Release|Any CPU
		{7A1314B6-4D0A-4812-A92E-D15909114F40}.Release|x86.ActiveCfg = Release|Any CPU
		{7A1314B6-4D0A-4812-A92E-D15909114F40}.Release|x86.Build.0 = Release|Any CPU
		{8243A374-8811-4342-9F40-E369E51D4F3B}.Debug|Any CPU.ActiveCfg = Debug|Any CPU
		{8243A374-8811-4342-9F40-E369E51D4F3B}.Debug|Any CPU.Build.0 = Debug|Any CPU
		{8243A374-8811-4342-9F40-E369E51D4F3B}.Debug|x64.ActiveCfg = Debug|Any CPU
		{8243A374-8811-4342-9F40-E369E51D4F3B}.Debug|x64.Build.0 = Debug|Any CPU
		{8243A374-8811-4342-9F40-E369E51D4F3B}.Debug|x86.ActiveCfg = Debug|Any CPU
		{8243A374-8811-4342-9F40-E369E51D4F3B}.Debug|x86.Build.0 = Debug|Any CPU
		{8243A374-8811-4342-9F40-E369E51D4F3B}.Release|Any CPU.ActiveCfg = Release|Any CPU
		{8243A374-8811-4342-9F40-E369E51D4F3B}.Release|Any CPU.Build.0 = Release|Any CPU
		{8243A374-8811-4342-9F40-E369E51D4F3B}.Release|x64.ActiveCfg = Release|Any CPU
		{8243A374-8811-4342-9F40-E369E51D4F3B}.Release|x64.Build.0 = Release|Any CPU
		{8243A374-8811-4342-9F40-E369E51D4F3B}.Release|x86.ActiveCfg = Release|Any CPU
		{8243A374-8811-4342-9F40-E369E51D4F3B}.Release|x86.Build.0 = Release|Any CPU
		{D12F2263-ACDE-4E48-BECB-B9BF1F295D16}.Debug|Any CPU.ActiveCfg = Debug|Any CPU
		{D12F2263-ACDE-4E48-BECB-B9BF1F295D16}.Debug|Any CPU.Build.0 = Debug|Any CPU
		{D12F2263-ACDE-4E48-BECB-B9BF1F295D16}.Debug|x64.ActiveCfg = Debug|Any CPU
		{D12F2263-ACDE-4E48-BECB-B9BF1F295D16}.Debug|x64.Build.0 = Debug|Any CPU
		{D12F2263-ACDE-4E48-BECB-B9BF1F295D16}.Debug|x86.ActiveCfg = Debug|Any CPU
		{D12F2263-ACDE-4E48-BECB-B9BF1F295D16}.Debug|x86.Build.0 = Debug|Any CPU
		{D12F2263-ACDE-4E48-BECB-B9BF1F295D16}.Release|Any CPU.ActiveCfg = Release|Any CPU
		{D12F2263-ACDE-4E48-BECB-B9BF1F295D16}.Release|Any CPU.Build.0 = Release|Any CPU
		{D12F2263-ACDE-4E48-BECB-B9BF1F295D16}.Release|x64.ActiveCfg = Release|Any CPU
		{D12F2263-ACDE-4E48-BECB-B9BF1F295D16}.Release|x64.Build.0 = Release|Any CPU
		{D12F2263-ACDE-4E48-BECB-B9BF1F295D16}.Release|x86.ActiveCfg = Release|Any CPU
		{D12F2263-ACDE-4E48-BECB-B9BF1F295D16}.Release|x86.Build.0 = Release|Any CPU
		{347902E4-751C-4C0A-A906-72B4A60FB9A6}.Debug|Any CPU.ActiveCfg = Debug|Any CPU
		{347902E4-751C-4C0A-A906-72B4A60FB9A6}.Debug|Any CPU.Build.0 = Debug|Any CPU
		{347902E4-751C-4C0A-A906-72B4A60FB9A6}.Debug|x64.ActiveCfg = Debug|Any CPU
		{347902E4-751C-4C0A-A906-72B4A60FB9A6}.Debug|x64.Build.0 = Debug|Any CPU
		{347902E4-751C-4C0A-A906-72B4A60FB9A6}.Debug|x86.ActiveCfg = Debug|Any CPU
		{347902E4-751C-4C0A-A906-72B4A60FB9A6}.Debug|x86.Build.0 = Debug|Any CPU
		{347902E4-751C-4C0A-A906-72B4A60FB9A6}.Release|Any CPU.ActiveCfg = Release|Any CPU
		{347902E4-751C-4C0A-A906-72B4A60FB9A6}.Release|Any CPU.Build.0 = Release|Any CPU
		{347902E4-751C-4C0A-A906-72B4A60FB9A6}.Release|x64.ActiveCfg = Release|Any CPU
		{347902E4-751C-4C0A-A906-72B4A60FB9A6}.Release|x64.Build.0 = Release|Any CPU
		{347902E4-751C-4C0A-A906-72B4A60FB9A6}.Release|x86.ActiveCfg = Release|Any CPU
		{347902E4-751C-4C0A-A906-72B4A60FB9A6}.Release|x86.Build.0 = Release|Any CPU
	EndGlobalSection
	GlobalSection(SolutionProperties) = preSolution
		HideSolutionNode = FALSE
	EndGlobalSection
	GlobalSection(NestedProjects) = preSolution
		{10000BBF-511F-45B5-B777-D9132DB31541} = {827E0CD3-B72D-47B6-A68D-7590B98EB39B}
		{229D85DA-4C5A-4A48-90CA-07FEC14BAF2D} = {827E0CD3-B72D-47B6-A68D-7590B98EB39B}
		{7A1314B6-4D0A-4812-A92E-D15909114F40} = {827E0CD3-B72D-47B6-A68D-7590B98EB39B}
		{8243A374-8811-4342-9F40-E369E51D4F3B} = {827E0CD3-B72D-47B6-A68D-7590B98EB39B}
		{D12F2263-ACDE-4E48-BECB-B9BF1F295D16} = {0AB3BF05-4346-4AA6-1389-037BE0695223}
		{347902E4-751C-4C0A-A906-72B4A60FB9A6} = {0AB3BF05-4346-4AA6-1389-037BE0695223}
	EndGlobalSection
EndGlobal
